
Microsoft Visual Studio Solution File, Format Version 12.00
# Visual Studio Version 17
VisualStudioVersion = 17.11.35312.102
MinimumVisualStudioVersion = 10.0.40219.1
Project("{FAE04EC0-301F-11D3-BF4B-00C04F79EFBC}") = "EntityFrameworkCodeFirstPresentation", "EntityFrameworkCodeFirstPresentation\EntityFrameworkCodeFirstPresentation.csproj", "{1F5989DF-4B4A-4738-A9AB-85B6BCF0A5A0}"
EndProject
Project("{FAE04EC0-301F-11D3-BF4B-00C04F79EFBC}") = "CustomerMessageApplication", "CustomerMessageApplication\CustomerMessageApplication.csproj", "{48AC2E71-B79A-45B9-A40A-CDAEBA666A2E}"
EndProject
Project("{FAE04EC0-301F-11D3-BF4B-00C04F79EFBC}") = "CustomerMessageRepository", "CustomerMessageRepository\CustomerMessageRepository.csproj", "{DF3C1633-3405-4E13-9AFD-9685BB58F88F}"
EndProject
Global
	GlobalSection(SolutionConfigurationPlatforms) = preSolution
		Debug|Any CPU = Debug|Any CPU
		Release|Any CPU = Release|Any CPU
	EndGlobalSection
	GlobalSection(ProjectConfigurationPlatforms) = postSolution
		{1F5989DF-4B4A-4738-A9AB-85B6BCF0A5A0}.Debug|Any CPU.ActiveCfg = Debug|Any CPU
		{1F5989DF-4B4A-4738-A9AB-85B6BCF0A5A0}.Debug|Any CPU.Build.0 = Debug|Any CPU
		{1F5989DF-4B4A-4738-A9AB-85B6BCF0A5A0}.Release|Any CPU.ActiveCfg = Release|Any CPU
		{1F5989DF-4B4A-4738-A9AB-85B6BCF0A5A0}.Release|Any CPU.Build.0 = Release|Any CPU
		{48AC2E71-B79A-45B9-A40A-CDAEBA666A2E}.Debug|Any CPU.ActiveCfg = Debug|Any CPU
		{48AC2E71-B79A-45B9-A40A-CDAEBA666A2E}.Debug|Any CPU.Build.0 = Debug|Any CPU
		{48AC2E71-B79A-45B9-A40A-CDAEBA666A2E}.Release|Any CPU.ActiveCfg = Release|Any CPU
		{48AC2E71-B79A-45B9-A40A-CDAEBA666A2E}.Release|Any CPU.Build.0 = Release|Any CPU
		{DF3C1633-3405-4E13-9AFD-9685BB58F88F}.Debug|Any CPU.ActiveCfg = Debug|Any CPU
		{DF3C1633-3405-4E13-9AFD-9685BB58F88F}.Debug|Any CPU.Build.0 = Debug|Any CPU
		{DF3C1633-3405-4E13-9AFD-9685BB58F88F}.Release|Any CPU.ActiveCfg = Release|Any CPU
		{DF3C1633-3405-4E13-9AFD-9685BB58F88F}.Release|Any CPU.Build.0 = Release|Any CPU
	EndGlobalSection
	GlobalSection(SolutionProperties) = preSolution
		HideSolutionNode = FALSE
	EndGlobalSection
	GlobalSection(ExtensibilityGlobals) = postSolution
		SolutionGuid = {2FB08826-2571-4FEC-A65D-967DD373FF1D}
	EndGlobalSection
EndGlobal
